
Microsoft Visual Studio Solution File, Format Version 12.00
# Visual Studio Version 16
VisualStudioVersion = 16.0.29409.12
MinimumVisualStudioVersion = 10.0.40219.1
Project("{8BC9CEB8-8B4A-11D0-8D11-00A0C91BC942}") = "ProgramaMenu", "ProgramaMenu\ProgramaMenu.vcxproj", "{BCCBBE75-AC3F-461F-8CDF-9DFD9E8555F7}"
EndProject
Global
	GlobalSection(SolutionConfigurationPlatforms) = preSolution
		Debug|x64 = Debug|x64
		Debug|x86 = Debug|x86
		Release|x64 = Release|x64
		Release|x86 = Release|x86
	EndGlobalSection
	GlobalSection(ProjectConfigurationPlatforms) = postSolution
		{BCCBBE75-AC3F-461F-8CDF-9DFD9E8555F7}.Debug|x64.ActiveCfg = Debug|x64
		{BCCBBE75-AC3F-461F-8CDF-9DFD9E8555F7}.Debug|x64.Build.0 = Debug|x64
		{BCCBBE75-AC3F-461F-8CDF-9DFD9E8555F7}.Debug|x86.ActiveCfg = Debug|Win32
		{BCCBBE75-AC3F-461F-8CDF-9DFD9E8555F7}.Debug|x86.Build.0 = Debug|Win32
		{BCCBBE75-AC3F-461F-8CDF-9DFD9E8555F7}.Release|x64.ActiveCfg = Release|x64
		{BCCBBE75-AC3F-461F-8CDF-9DFD9E8555F7}.Release|x64.Build.0 = Release|x64
		{BCCBBE75-AC3F-461F-8CDF-9DFD9E8555F7}.Release|x86.ActiveCfg = Release|Win32
		{BCCBBE75-AC3F-461F-8CDF-9DFD9E8555F7}.Release|x86.Build.0 = Release|Win32
	EndGlobalSection
	GlobalSection(SolutionProperties) = preSolution
		HideSolutionNode = FALSE
	EndGlobalSection
	GlobalSection(ExtensibilityGlobals) = postSolution
		SolutionGuid = {3BA8243D-E1C2-4AAE-B0C4-647AD827F182}
	EndGlobalSection
EndGlobal
